<?xml version="1.0" encoding="utf-8"?>
<Project ToolsVersion="4.0" xmlns="http://schemas.microsoft.com/developer/msbuild/2003">
  <ItemGroup>
    <ClInclude Include="include\smartdata.h" />
    <ClInclude Include="include\system\meta.h" />
    <ClInclude Include="include\system\thread.h" />
    <ClInclude Include="include\system\traits.h" />
    <ClInclude Include="include\system\types.h" />
    <ClInclude Include="include\utility\buffer.h" />
    <ClInclude Include="include\utility\geometry.h" />
    <ClInclude Include="include\utility\list.h" />
    <ClInclude Include="include\utility\math.h" />
    <ClInclude Include="include\utility\observer.h" />
    <ClInclude Include="include\utility\predictor.h" />
    <ClInclude Include="src\main_traits.h" />
    <ClInclude Include="include\network\tstp\tstp.h" />
    <ClInclude Include="include\machine\nic.h" />
    <ClInclude Include="include\architecture\tsc.h" />
    <ClInclude Include="include\architecture\ia32\ia32_tsc.h" />
    <ClInclude Include="include\architecture\cpu.h" />
    <ClInclude Include="include\architecture\ia32\ia32_traits.h" />
    <ClInclude Include="include\architecture\ia32\ia32_cpu.h" />
    <ClInclude Include="include\network\ethernet.h" />
    <ClInclude Include="include\utility\convert.h" />
    <ClInclude Include="include\network\tstp\locator.h" />
    <ClInclude Include="include\network\hecops.h" />
    <ClInclude Include="include\network\tstp\timekeeper.h" />
    <ClInclude Include="include\utility\handler.h" />
  </ItemGroup>
  <ItemGroup>
    <ClCompile Include="src\main.cpp" />
    <ClCompile Include="src\network\tstp\tstp_init.cc" />
  </ItemGroup>
  <ItemGroup>
    <Text Include="CMakeLists.txt" />
  </ItemGroup>
</Project>